PODS:
  - Alamofire (5.8.1)
  - AlamofireImage (4.3.0):
    - Alamofire (~> 5.8)
  - CombineCocoa (0.4.1)
  - HandlersKit (1.0.0)
  - SnapKit (5.6.0)

DEPENDENCIES:
  - Alamofire
  - AlamofireImage
  - CombineCocoa
  - HandlersKit
  - SnapKit

SPEC REPOS:
  https://github.com/CocoaPods/Specs.git:
    - Alamofire
    - AlamofireImage
    - CombineCocoa
    - HandlersKit
    - SnapKit

SPEC CHECKSUMS:
  Alamofire: 3ca42e259043ee0dc5c0cdd76c4bc568b8e42af7
  AlamofireImage: 843953fa97bee5f561cf05d83abd759e590b068d
  CombineCocoa: e5210dbfb480ff251078929459ac17e750e7af1d
  HandlersKit: 7702c1b098238baf06dd3384ced2c2114c4ebc81
  SnapKit: e01d52ebb8ddbc333eefe2132acf85c8227d9c25

PODFILE CHECKSUM: 320fe0665570f087a473e1d93ad4894854830b13

COCOAPODS: 1.12.1
